
Microsoft Visual Studio Solution File, Format Version 12.00
# Visual Studio Version 16
VisualStudioVersion = 16.0.31005.135
MinimumVisualStudioVersion = 10.0.40219.1
Project("{FAE04EC0-301F-11D3-BF4B-00C04F79EFBC}") = "commercia", "Projet login 1\commercia.csproj", "{3ED2D001-6DF0-4709-9DEB-464AA814AF99}"
EndProject
Global
	GlobalSection(SolutionConfigurationPlatforms) = preSolution
		Debug|Any CPU = Debug|Any CPU
		Release|Any CPU = Release|Any CPU
	EndGlobalSection
	GlobalSection(ProjectConfigurationPlatforms) = postSolution
		{3ED2D001-6DF0-4709-9DEB-464AA814AF99}.Debug|Any CPU.ActiveCfg = Debug|Any CPU
		{3ED2D001-6DF0-4709-9DEB-464AA814AF99}.Debug|Any CPU.Build.0 = Debug|Any CPU
		{3ED2D001-6DF0-4709-9DEB-464AA814AF99}.Release|Any CPU.ActiveCfg = Release|Any CPU
		{3ED2D001-6DF0-4709-9DEB-464AA814AF99}.Release|Any CPU.Build.0 = Release|Any CPU
	EndGlobalSection
	GlobalSection(SolutionProperties) = preSolution
		HideSolutionNode = FALSE
	EndGlobalSection
	GlobalSection(ExtensibilityGlobals) = postSolution
		SolutionGuid = {454C7ABD-C798-44E7-9123-AE434A9B50AE}
	EndGlobalSection
EndGlobal
